
Microsoft Visual Studio Solution File, Format Version 12.00
# Visual Studio Version 16
VisualStudioVersion = 16.0.31729.503
MinimumVisualStudioVersion = 10.0.40219.1
Project("{FAE04EC0-301F-11D3-BF4B-00C04F79EFBC}") = "Nayelle", "Nayelle\Nayelle.csproj", "{CBC35235-9F82-4056-96C0-CC1D1ED946F3}"
EndProject
Global
	GlobalSection(SolutionConfigurationPlatforms) = preSolution
		Debug|Any CPU = Debug|Any CPU
		Release|Any CPU = Release|Any CPU
	EndGlobalSection
	GlobalSection(ProjectConfigurationPlatforms) = postSolution
		{CBC35235-9F82-4056-96C0-CC1D1ED946F3}.Debug|Any CPU.ActiveCfg = Debug|Any CPU
		{CBC35235-9F82-4056-96C0-CC1D1ED946F3}.Debug|Any CPU.Build.0 = Debug|Any CPU
		{CBC35235-9F82-4056-96C0-CC1D1ED946F3}.Release|Any CPU.ActiveCfg = Release|Any CPU
		{CBC35235-9F82-4056-96C0-CC1D1ED946F3}.Release|Any CPU.Build.0 = Release|Any CPU
	EndGlobalSection
	GlobalSection(SolutionProperties) = preSolution
		HideSolutionNode = FALSE
	EndGlobalSection
	GlobalSection(ExtensibilityGlobals) = postSolution
		SolutionGuid = {BC8B6293-5727-4E66-9231-FEC8EE1E5BA1}
	EndGlobalSection
EndGlobal
